
Microsoft Visual Studio Solution File, Format Version 12.00
# Visual Studio 15
VisualStudioVersion = 15.0.27130.2036
MinimumVisualStudioVersion = 10.0.40219.1
Project("{FAE04EC0-301F-11D3-BF4B-00C04F79EFBC}") = "CreateDeviceIDentity", "CreateDeviceIDentity\CreateDeviceIDentity.csproj", "{20A29B2F-E328-41C7-9C58-473E377069DA}"
EndProject
Project("{FAE04EC0-301F-11D3-BF4B-00C04F79EFBC}") = "ReadDeviceToCloudMessages", "ReadDeviceToCloudMessages\ReadDeviceToCloudMessages.csproj", "{A688F38C-060C-4775-9AB0-D28E8B01F852}"
EndProject
Project("{FAE04EC0-301F-11D3-BF4B-00C04F79EFBC}") = "SimulatedDevice", "SimulatedDevice\SimulatedDevice.csproj", "{F50A5F9E-67B6-4A94-AB14-767ACAE9DD10}"
EndProject
Global
	GlobalSection(SolutionConfigurationPlatforms) = preSolution
		Debug|Any CPU = Debug|Any CPU
		Release|Any CPU = Release|Any CPU
	EndGlobalSection
	GlobalSection(ProjectConfigurationPlatforms) = postSolution
		{20A29B2F-E328-41C7-9C58-473E377069DA}.Debug|Any CPU.ActiveCfg = Debug|Any CPU
		{20A29B2F-E328-41C7-9C58-473E377069DA}.Debug|Any CPU.Build.0 = Debug|Any CPU
		{20A29B2F-E328-41C7-9C58-473E377069DA}.Release|Any CPU.ActiveCfg = Release|Any CPU
		{20A29B2F-E328-41C7-9C58-473E377069DA}.Release|Any CPU.Build.0 = Release|Any CPU
		{A688F38C-060C-4775-9AB0-D28E8B01F852}.Debug|Any CPU.ActiveCfg = Debug|Any CPU
		{A688F38C-060C-4775-9AB0-D28E8B01F852}.Debug|Any CPU.Build.0 = Debug|Any CPU
		{A688F38C-060C-4775-9AB0-D28E8B01F852}.Release|Any CPU.ActiveCfg = Release|Any CPU
		{A688F38C-060C-4775-9AB0-D28E8B01F852}.Release|Any CPU.Build.0 = Release|Any CPU
		{F50A5F9E-67B6-4A94-AB14-767ACAE9DD10}.Debug|Any CPU.ActiveCfg = Debug|Any CPU
		{F50A5F9E-67B6-4A94-AB14-767ACAE9DD10}.Debug|Any CPU.Build.0 = Debug|Any CPU
		{F50A5F9E-67B6-4A94-AB14-767ACAE9DD10}.Release|Any CPU.ActiveCfg = Release|Any CPU
		{F50A5F9E-67B6-4A94-AB14-767ACAE9DD10}.Release|Any CPU.Build.0 = Release|Any CPU
	EndGlobalSection
	GlobalSection(SolutionProperties) = preSolution
		HideSolutionNode = FALSE
	EndGlobalSection
	GlobalSection(ExtensibilityGlobals) = postSolution
		SolutionGuid = {3C18FD98-835B-47CA-B215-F65C961F8E1B}
	EndGlobalSection
EndGlobal
